Terraform v0.12.29
Configuring remote state backend...
Initializing Terraform configuration...
2020/07/30 21:49:18 [DEBUG] Using modified User-Agent: Terraform/0.12.29 TFC/b69543b6a1
[0m[1mRefreshing Terraform state in-memory prior to plan...[0m
The refreshed state will be used to calculate this plan, but will not be
persisted to local or remote state storage.
[0m

------------------------------------------------------------------------

An execution plan has been generated and is shown below.
Resource actions are indicated with the following symbols:
  [32m+[0m create
[0m
Terraform will perform the following actions:

[1m  # aws_instance.web[0m will be created[0m[0m
[0m  [32m+[0m[0m resource "aws_instance" "web" {
      [32m+[0m [0m[1m[0mami[0m[0m                          = "ami-079024c517d22af5b"
      [32m+[0m [0m[1m[0marn[0m[0m                          = (known after apply)
      [32m+[0m [0m[1m[0massociate_public_ip_address[0m[0m  = (known after apply)
      [32m+[0m [0m[1m[0mavailability_zone[0m[0m            = (known after apply)
      [32m+[0m [0m[1m[0mcpu_core_count[0m[0m               = (known after apply)
      [32m+[0m [0m[1m[0mcpu_threads_per_core[0m[0m         = (known after apply)
      [32m+[0m [0m[1m[0mget_password_data[0m[0m            = false
      [32m+[0m [0m[1m[0mhost_id[0m[0m                      = (known after apply)
      [32m+[0m [0m[1m[0mid[0m[0m                           = (known after apply)
      [32m+[0m [0m[1m[0minstance_state[0m[0m               = (known after apply)
      [32m+[0m [0m[1m[0minstance_type[0m[0m                = "t2.micro"
      [32m+[0m [0m[1m[0mipv6_address_count[0m[0m           = (known after apply)
      [32m+[0m [0m[1m[0mipv6_addresses[0m[0m               = (known after apply)
      [32m+[0m [0m[1m[0mkey_name[0m[0m                     = "awskeypair"
      [32m+[0m [0m[1m[0mnetwork_interface_id[0m[0m         = (known after apply)
      [32m+[0m [0m[1m[0moutpost_arn[0m[0m                  = (known after apply)
      [32m+[0m [0m[1m[0mpassword_data[0m[0m                = (known after apply)
      [32m+[0m [0m[1m[0mplacement_group[0m[0m              = (known after apply)
      [32m+[0m [0m[1m[0mprimary_network_interface_id[0m[0m = (known after apply)
      [32m+[0m [0m[1m[0mprivate_dns[0m[0m                  = (known after apply)
      [32m+[0m [0m[1m[0mprivate_ip[0m[0m                   = (known after apply)
      [32m+[0m [0m[1m[0mpublic_dns[0m[0m                   = (known after apply)
      [32m+[0m [0m[1m[0mpublic_ip[0m[0m                    = (known after apply)
      [32m+[0m [0m[1m[0msecurity_groups[0m[0m              = (known after apply)
      [32m+[0m [0m[1m[0msource_dest_check[0m[0m            = true
      [32m+[0m [0m[1m[0msubnet_id[0m[0m                    = (known after apply)
      [32m+[0m [0m[1m[0mtenancy[0m[0m                      = (known after apply)
      [32m+[0m [0m[1m[0mvolume_tags[0m[0m                  = (known after apply)
      [32m+[0m [0m[1m[0mvpc_security_group_ids[0m[0m       = [
          [32m+[0m [0m"launch-wizard-1",
        ]

      [32m+[0m [0mebs_block_device {
          [32m+[0m [0m[1m[0mdelete_on_termination[0m[0m = (known after apply)
          [32m+[0m [0m[1m[0mdevice_name[0m[0m           = (known after apply)
          [32m+[0m [0m[1m[0mencrypted[0m[0m             = (known after apply)
          [32m+[0m [0m[1m[0miops[0m[0m                  = (known after apply)
          [32m+[0m [0m[1m[0mkms_key_id[0m[0m            = (known after apply)
          [32m+[0m [0m[1m[0msnapshot_id[0m[0m           = (known after apply)
          [32m+[0m [0m[1m[0mvolume_id[0m[0m             = (known after apply)
          [32m+[0m [0m[1m[0mvolume_size[0m[0m           = (known after apply)
          [32m+[0m [0m[1m[0mvolume_type[0m[0m           = (known after apply)
        }

      [32m+[0m [0mephemeral_block_device {
          [32m+[0m [0m[1m[0mdevice_name[0m[0m  = (known after apply)
          [32m+[0m [0m[1m[0mno_device[0m[0m    = (known after apply)
          [32m+[0m [0m[1m[0mvirtual_name[0m[0m = (known after apply)
        }

      [32m+[0m [0mmetadata_options {
          [32m+[0m [0m[1m[0mhttp_endpoint[0m[0m               = (known after apply)
          [32m+[0m [0m[1m[0mhttp_put_response_hop_limit[0m[0m = (known after apply)
          [32m+[0m [0m[1m[0mhttp_tokens[0m[0m                 = (known after apply)
        }

      [32m+[0m [0mnetwork_interface {
          [32m+[0m [0m[1m[0mdelete_on_termination[0m[0m = (known after apply)
          [32m+[0m [0m[1m[0mdevice_index[0m[0m          = (known after apply)
          [32m+[0m [0m[1m[0mnetwork_interface_id[0m[0m  = (known after apply)
        }

      [32m+[0m [0mroot_block_device {
          [32m+[0m [0m[1m[0mdelete_on_termination[0m[0m = (known after apply)
          [32m+[0m [0m[1m[0mdevice_name[0m[0m           = (known after apply)
          [32m+[0m [0m[1m[0mencrypted[0m[0m             = (known after apply)
          [32m+[0m [0m[1m[0miops[0m[0m                  = (known after apply)
          [32m+[0m [0m[1m[0mkms_key_id[0m[0m            = (known after apply)
          [32m+[0m [0m[1m[0mvolume_id[0m[0m             = (known after apply)
          [32m+[0m [0m[1m[0mvolume_size[0m[0m           = (known after apply)
          [32m+[0m [0m[1m[0mvolume_type[0m[0m           = (known after apply)
        }
    }

[0m[1mPlan:[0m 1 to add, 0 to change, 0 to destroy.[0m
